
Microsoft Visual Studio Solution File, Format Version 12.00
# Visual Studio Version 17
VisualStudioVersion = 17.7.34221.43
MinimumVisualStudioVersion = 10.0.40219.1
Project("{FAE04EC0-301F-11D3-BF4B-00C04F79EFBC}") = "KonteynerKontrolleri", "KonteynerKontrolleri\KonteynerKontrolleri.csproj", "{FDE5ED5E-A069-4E31-BA1B-0362CA6D6FC7}"
EndProject
Global
	GlobalSection(SolutionConfigurationPlatforms) = preSolution
		Debug|Any CPU = Debug|Any CPU
		Release|Any CPU = Release|Any CPU
	EndGlobalSection
	GlobalSection(ProjectConfigurationPlatforms) = postSolution
		{FDE5ED5E-A069-4E31-BA1B-0362CA6D6FC7}.Debug|Any CPU.ActiveCfg = Debug|Any CPU
		{FDE5ED5E-A069-4E31-BA1B-0362CA6D6FC7}.Debug|Any CPU.Build.0 = Debug|Any CPU
		{FDE5ED5E-A069-4E31-BA1B-0362CA6D6FC7}.Release|Any CPU.ActiveCfg = Release|Any CPU
		{FDE5ED5E-A069-4E31-BA1B-0362CA6D6FC7}.Release|Any CPU.Build.0 = Release|Any CPU
	EndGlobalSection
	GlobalSection(SolutionProperties) = preSolution
		HideSolutionNode = FALSE
	EndGlobalSection
	GlobalSection(ExtensibilityGlobals) = postSolution
		SolutionGuid = {04353B98-5C76-4F00-A37F-207E6D320F80}
	EndGlobalSection
EndGlobal
